
Microsoft Visual Studio Solution File, Format Version 12.00
# Visual Studio Version 17
VisualStudioVersion = 17.11.35327.3
MinimumVisualStudioVersion = 10.0.40219.1
Project("{FAE04EC0-301F-11D3-BF4B-00C04F79EFBC}") = "WebApplication1", "WebApplication1\WebApplication1.csproj", "{BB3C2523-F5D2-4F03-AF07-E202A210F48E}"
EndProject
Global
	GlobalSection(SolutionConfigurationPlatforms) = preSolution
		Debug|Any CPU = Debug|Any CPU
		Release|Any CPU = Release|Any CPU
	EndGlobalSection
	GlobalSection(ProjectConfigurationPlatforms) = postSolution
		{BB3C2523-F5D2-4F03-AF07-E202A210F48E}.Debug|Any CPU.ActiveCfg = Debug|Any CPU
		{BB3C2523-F5D2-4F03-AF07-E202A210F48E}.Debug|Any CPU.Build.0 = Debug|Any CPU
		{BB3C2523-F5D2-4F03-AF07-E202A210F48E}.Release|Any CPU.ActiveCfg = Release|Any CPU
		{BB3C2523-F5D2-4F03-AF07-E202A210F48E}.Release|Any CPU.Build.0 = Release|Any CPU
	EndGlobalSection
	GlobalSection(SolutionProperties) = preSolution
		HideSolutionNode = FALSE
	EndGlobalSection
	GlobalSection(ExtensibilityGlobals) = postSolution
		SolutionGuid = {686F869F-3D12-4C39-A751-5536F390DE56}
	EndGlobalSection
EndGlobal
